Microsoft Visual Studio Solution File, Format Version 12.00
# Visual Studio Version 17
VisualStudioVersion = 17.5.2.0
MinimumVisualStudioVersion = 10.0.40219.1
Project("{2150E333-8FDC-42A3-9474-1A3956D46DE8}") = "src", "src", "{827E0CD3-B72D-47B6-A68D-7590B98EB39B}"
EndProject
Project("{2150E333-8FDC-42A3-9474-1A3956D46DE8}") = "tests", "tests", "{0AB3BF05-4346-4AA6-1389-037BE0695223}"
EndProject
Project("{FAE04EC0-301F-11D3-BF4B-00C04F79EFBC}") = "Calculator.Client.WinForms", "src\Calculator.Client.WinForms\Calculator.Client.WinForms.csproj", "{DEE878B4-FEF2-1801-F226-8F273CA392D8}"
EndProject
Project("{FAE04EC0-301F-11D3-BF4B-00C04F79EFBC}") = "Calculator.Server", "src\Calculator.Server\Calculator.Server.csproj", "{97C26785-4222-0A07-1FB1-984A4A47CA91}"
EndProject
Project("{FAE04EC0-301F-11D3-BF4B-00C04F79EFBC}") = "Calculator.Tests", "tests\Calculator.Tests\Calculator.Tests.csproj", "{5FA3A6E3-AB09-0EBE-8E1A-81BD1899B36E}"
EndProject
Project("{FAE04EC0-301F-11D3-BF4B-00C04F79EFBC}") = "ExpressionTree", "src\Calculator.ArbolExprecion\ExpressionTree.csproj", "{C8A5E8F7-1B2D-4D6E-8F9A-5B3C1D2E4F5A}"
EndProject
Global
	GlobalSection(SolutionConfigurationPlatforms) = preSolution
		Debug|Any CPU = Debug|Any CPU
		Release|Any CPU = Release|Any CPU
	EndGlobalSection
	GlobalSection(ProjectConfigurationPlatforms) = postSolution
		{DEE878B4-FEF2-1801-F226-8F273CA392D8}.Debug|Any CPU.ActiveCfg = Debug|Any CPU
		{DEE878B4-FEF2-1801-F226-8F273CA392D8}.Debug|Any CPU.Build.0 = Debug|Any CPU
		{DEE878B4-FEF2-1801-F226-8F273CA392D8}.Release|Any CPU.ActiveCfg = Release|Any CPU
		{DEE878B4-FEF2-1801-F226-8F273CA392D8}.Release|Any CPU.Build.0 = Release|Any CPU
		{97C26785-4222-0A07-1FB1-984A4A47CA91}.Debug|Any CPU.ActiveCfg = Debug|Any CPU
		{97C26785-4222-0A07-1FB1-984A4A47CA91}.Debug|Any CPU.Build.0 = Debug|Any CPU
		{97C26785-4222-0A07-1FB1-984A4A47CA91}.Release|Any CPU.ActiveCfg = Release|Any CPU
		{97C26785-4222-0A07-1FB1-984A4A47CA91}.Release|Any CPU.Build.0 = Release|Any CPU
		{5FA3A6E3-AB09-0EBE-8E1A-81BD1899B36E}.Debug|Any CPU.ActiveCfg = Debug|Any CPU
		{5FA3A6E3-AB09-0EBE-8E1A-81BD1899B36E}.Debug|Any CPU.Build.0 = Debug|Any CPU
		{5FA3A6E3-AB09-0EBE-8E1A-81BD1899B36E}.Release|Any CPU.ActiveCfg = Release|Any CPU
		{5FA3A6E3-AB09-0EBE-8E1A-81BD1899B36E}.Release|Any CPU.Build.0 = Release|Any CPU
		{C8A5E8F7-1B2D-4D6E-8F9A-5B3C1D2E4F5A}.Debug|Any CPU.ActiveCfg = Debug|Any CPU
		{C8A5E8F7-1B2D-4D6E-8F9A-5B3C1D2E4F5A}.Debug|Any CPU.Build.0 = Debug|Any CPU
		{C8A5E8F7-1B2D-4D6E-8F9A-5B3C1D2E4F5A}.Release|Any CPU.ActiveCfg = Release|Any CPU
		{C8A5E8F7-1B2D-4D6E-8F9A-5B3C1D2E4F5A}.Release|Any CPU.Build.0 = Release|Any CPU
	EndGlobalSection
	GlobalSection(SolutionProperties) = preSolution
		HideSolutionNode = FALSE
	EndGlobalSection
	GlobalSection(NestedProjects) = preSolution
		{DEE878B4-FEF2-1801-F226-8F273CA392D8} = {827E0CD3-B72D-47B6-A68D-7590B98EB39B}
		{97C26785-4222-0A07-1FB1-984A4A47CA91} = {827E0CD3-B72D-47B6-A68D-7590B98EB39B}
		{C8A5E8F7-1B2D-4D6E-8F9A-5B3C1D2E4F5A} = {827E0CD3-B72D-47B6-A68D-7590B98EB39B}
		{5FA3A6E3-AB09-0EBE-8E1A-81BD1899B36E} = {0AB3BF05-4346-4AA6-1389-037BE0695223}
	EndGlobalSection
	GlobalSection(ExtensibilityGlobals) = postSolution
		SolutionGuid = {EE20AEEB-8438-4375-98BB-57E12BC43A0C}
	EndGlobalSection
EndGlobal
